
Microsoft Visual Studio Solution File, Format Version 12.00
# Visual Studio Version 17
VisualStudioVersion = 17.2.32630.192
MinimumVisualStudioVersion = 10.0.40219.1
Project("{9A19103F-16F7-4668-BE54-9A1E7A4F7556}") = "MSNK", "MSNK.csproj", "{E5893526-3B59-4CE9-B592-3A178D029481}"
EndProject
Global
	GlobalSection(SolutionConfigurationPlatforms) = preSolution
		Debug|Any CPU = Debug|Any CPU
		Release|Any CPU = Release|Any CPU
	EndGlobalSection
	GlobalSection(ProjectConfigurationPlatforms) = postSolution
		{E5893526-3B59-4CE9-B592-3A178D029481}.Debug|Any CPU.ActiveCfg = Debug|Any CPU
		{E5893526-3B59-4CE9-B592-3A178D029481}.Debug|Any CPU.Build.0 = Debug|Any CPU
		{E5893526-3B59-4CE9-B592-3A178D029481}.Release|Any CPU.ActiveCfg = Release|Any CPU
		{E5893526-3B59-4CE9-B592-3A178D029481}.Release|Any CPU.Build.0 = Release|Any CPU
	EndGlobalSection
	GlobalSection(SolutionProperties) = preSolution
		HideSolutionNode = FALSE
	EndGlobalSection
	GlobalSection(ExtensibilityGlobals) = postSolution
		SolutionGuid = {98F30561-EAD9-4014-A435-361B333D1541}
	EndGlobalSection
EndGlobal
